// !$*UTF8*$!
{
	archiveVersion = 1;
	classes = {
	};
	objectVersion = 54;
	objects = {

/* Begin PBXBuildFile section */
		00E356F31AD99517003FC87E /* fixitTests.m in Sources */ = {isa = PBXBuildFile; fileRef = 00E356F21AD99517003FC87E /* fixitTests.m */; };
		13B07FBC1A68108700A75B9A /* AppDelegate.m in Sources */ = {isa = PBXBuildFile; fileRef = 13B07FB01A68108700A75B9A /* AppDelegate.m */; };
		13B07FBF1A68108700A75B9A /* Images.xcassets in Resources */ = {isa = PBXBuildFile; fileRef = 13B07FB51A68108700A75B9A /* Images.xcassets */; };
		13B07FC11A68108700A75B9A /* main.m in Sources */ = {isa = PBXBuildFile; fileRef = 13B07FB71A68108700A75B9A /* main.m */; };
		81AB9BB82411601600AC10FF /* LaunchScreen.storyboard in Resources */ = {isa = PBXBuildFile; fileRef = 81AB9BB72411601600AC10FF /* LaunchScreen.storyboard */; };
		6405533F56614DA39069FE4D /* Montserrat-Black.ttf in Resources */ = {isa = PBXBuildFile; fileRef = 276687DE8C80477992C92485 /* Montserrat-Black.ttf */; };
		CCC47B58DCBD44448C733E11 /* Montserrat-Bold.ttf in Resources */ = {isa = PBXBuildFile; fileRef = 43F327536C3C44C78B0CD12F /* Montserrat-Bold.ttf */; };
		58F6A0061A5F412EB20580AD /* Montserrat-ExtraBold.ttf in Resources */ = {isa = PBXBuildFile; fileRef = D505889A0833418BA64A8EF5 /* Montserrat-ExtraBold.ttf */; };
		A1E26D74D92D49BFAC6F94DD /* Montserrat-Light.ttf in Resources */ = {isa = PBXBuildFile; fileRef = B96770E7BDB84BC2B63E2F31 /* Montserrat-Light.ttf */; };
		CB228CBF44AE4A96A4B67B3B /* Montserrat-Medium.ttf in Resources */ = {isa = PBXBuildFile; fileRef = E1C82F8640A840129241C57B /* Montserrat-Medium.ttf */; };
		617CDBAAB3DD4FD19CB70149 /* Montserrat-Regular.ttf in Resources */ = {isa = PBXBuildFile; fileRef = C148FF790B4A48CFAD2C73FD /* Montserrat-Regular.ttf */; };
		1528D7ACB39A4C86A2BA9E2C /* Montserrat-SemiBold.ttf in Resources */ = {isa = PBXBuildFile; fileRef = 06C0B6266E474E59A19607AB /* Montserrat-SemiBold.ttf */; };
		B3B9BEBD19224DBCBF0A361C /* Montserrat-Thin.ttf in Resources */ = {isa = PBXBuildFile; fileRef = 9B79BD3D6BB14226A7665108 /* Montserrat-Thin.ttf */; };
		CDFA1444B35345A0B1104EEA /* MontserratAlternates-Black.ttf in Resources */ = {isa = PBXBuildFile; fileRef = DCE44A66168547CAB6290ECA /* MontserratAlternates-Black.ttf */; };
		CF92E0A21D244112A08205D0 /* MontserratAlternates-Bold.ttf in Resources */ = {isa = PBXBuildFile; fileRef = C138F6C0531740F9BD1F96EF /* MontserratAlternates-Bold.ttf */; };
		14489B5A8527493FAECD3DF5 /* MontserratAlternates-ExtraBold.ttf in Resources */ = {isa = PBXBuildFile; fileRef = 269430F33482407C9517B722 /* MontserratAlternates-ExtraBold.ttf */; };
		B8E3345FB6A44047852BC706 /* MontserratAlternates-Light.ttf in Resources */ = {isa = PBXBuildFile; fileRef = 5659DFD0738648D8B6E8C3C8 /* MontserratAlternates-Light.ttf */; };
		4F86D4E6B8DE46C7A66118EB /* MontserratAlternates-Medium.ttf in Resources */ = {isa = PBXBuildFile; fileRef = F27C8E5CD9524330B2F73E48 /* MontserratAlternates-Medium.ttf */; };
		76F133F840FB42118E32A0BB /* MontserratAlternates-Regular.ttf in Resources */ = {isa = PBXBuildFile; fileRef = 8ECA03F9BC6E40C2BC4A3C19 /* MontserratAlternates-Regular.ttf */; };
		6367FEBD7E164228AA15F276 /* MontserratAlternates-SemiBold.ttf in Resources */ = {isa = PBXBuildFile; fileRef = 33586F0437154AD58EA34477 /* MontserratAlternates-SemiBold.ttf */; };
		696E2AD6926A41B786AF3EF6 /* MontserratAlternates-Thin.ttf in Resources */ = {isa = PBXBuildFile; fileRef = 163DAA19C8D147C789EF8F17 /* MontserratAlternates-Thin.ttf */; };
		8BE5A145423F4881818CEACF /* AntDesign.ttf in Resources */ = {isa = PBXBuildFile; fileRef = C02700145FAD4397824F0D7F /* AntDesign.ttf */; };
		A39AA82885FB4886976A5FC4 /* Entypo.ttf in Resources */ = {isa = PBXBuildFile; fileRef = 314512C9E27848EBBF744910 /* Entypo.ttf */; };
		EC6F5255C3BF4F2FB1A46F7A /* EvilIcons.ttf in Resources */ = {isa = PBXBuildFile; fileRef = 081204EB95A24E87B5123B97 /* EvilIcons.ttf */; };
		8EE52703AB4B487EAC1245E4 /* Feather.ttf in Resources */ = {isa = PBXBuildFile; fileRef = FD41334B5CF9407EADD07F24 /* Feather.ttf */; };
		FD5C919D6FD94092B0D50D45 /* FontAwesome.ttf in Resources */ = {isa = PBXBuildFile; fileRef = 1BE182CE791F4179813E2406 /* FontAwesome.ttf */; };
		486C01CEDF874213B83C1881 /* FontAwesome5_Brands.ttf in Resources */ = {isa = PBXBuildFile; fileRef = 720BFACF00E7468D918BAFBE /* FontAwesome5_Brands.ttf */; };
		AB0E2044F3924650867B18B1 /* FontAwesome5_Regular.ttf in Resources */ = {isa = PBXBuildFile; fileRef = D9916FE4EC24455E80A46B05 /* FontAwesome5_Regular.ttf */; };
		1FD812DBAC9840A2871AC95D /* FontAwesome5_Solid.ttf in Resources */ = {isa = PBXBuildFile; fileRef = F7E2DD31EA54439EA1484458 /* FontAwesome5_Solid.ttf */; };
		DC31D503CDF941CF84EC2503 /* Fontisto.ttf in Resources */ = {isa = PBXBuildFile; fileRef = B13D28DD09B94E608A69BF01 /* Fontisto.ttf */; };
		C6520734D71E45CB8E532BC3 /* Foundation.ttf in Resources */ = {isa = PBXBuildFile; fileRef = 45C78F9C289641F998E8CD7C /* Foundation.ttf */; };
		7377433C21AB41CC9A0C86BF /* Ionicons.ttf in Resources */ = {isa = PBXBuildFile; fileRef = 000CF3D1499741D0A7063DBA /* Ionicons.ttf */; };
		B510DF21339B4DCFA653DFC0 /* MaterialCommunityIcons.ttf in Resources */ = {isa = PBXBuildFile; fileRef = 93B5B2A2AF414C37AC343C03 /* MaterialCommunityIcons.ttf */; };
		0BB825D1FCEA461B826906BE /* MaterialIcons.ttf in Resources */ = {isa = PBXBuildFile; fileRef = F154637960A347899F00F10E /* MaterialIcons.ttf */; };
		5D8363E8AB0B4B3099559C2C /* Octicons.ttf in Resources */ = {isa = PBXBuildFile; fileRef = D31A709EEA424E52A24C2FFC /* Octicons.ttf */; };
		769B783062854EFD959FDDC5 /* SimpleLineIcons.ttf in Resources */ = {isa = PBXBuildFile; fileRef = 8D0AF0E4A66B4AADBCA58576 /* SimpleLineIcons.ttf */; };
		5ADAB5255F30498097A90ACC /* Zocial.ttf in Resources */ = {isa = PBXBuildFile; fileRef = DF4DB2823C434208B941F616 /* Zocial.ttf */; };
/* End PBXBuildFile section */

/* Begin PBXContainerItemProxy section */
		00E356F41AD99517003FC87E /* PBXContainerItemProxy */ = {
			isa = PBXContainerItemProxy;
			containerPortal = 83CBB9F71A601CBA00E9B192 /* Project object */;
			proxyType = 1;
			remoteGlobalIDString = 13B07F861A680F5B00A75B9A;
			remoteInfo = fixit;
		};
/* End PBXContainerItemProxy section */

/* Begin PBXFileReference section */
		00E356EE1AD99517003FC87E /* fixitTests.xctest */ = {isa = PBXFileReference; explicitFileType = wrapper.cfbundle; includeInIndex = 0; path = fixitTests.xctest; sourceTree = BUILT_PRODUCTS_DIR; };
		00E356F11AD99517003FC87E /* Info.plist */ = {isa = PBXFileReference; lastKnownFileType = text.plist.xml; path = Info.plist; sourceTree = "<group>"; };
		00E356F21AD99517003FC87E /* fixitTests.m */ = {isa = PBXFileReference; lastKnownFileType = sourcecode.c.objc; path = fixitTests.m; sourceTree = "<group>"; };
		13B07F961A680F5B00A75B9A /* fixit.app */ = {isa = PBXFileReference; explicitFileType = wrapper.application; includeInIndex = 0; path = fixit.app; sourceTree = BUILT_PRODUCTS_DIR; };
		13B07FAF1A68108700A75B9A /* AppDelegate.h */ = {isa = PBXFileReference; fileEncoding = 4; lastKnownFileType = sourcecode.c.h; name = AppDelegate.h; path = fixit/AppDelegate.h; sourceTree = "<group>"; };
		13B07FB01A68108700A75B9A /* AppDelegate.m */ = {isa = PBXFileReference; fileEncoding = 4; lastKnownFileType = sourcecode.c.objc; name = AppDelegate.m; path = fixit/AppDelegate.m; sourceTree = "<group>"; };
		13B07FB51A68108700A75B9A /* Images.xcassets */ = {isa = PBXFileReference; lastKnownFileType = folder.assetcatalog; name = Images.xcassets; path = fixit/Images.xcassets; sourceTree = "<group>"; };
		13B07FB61A68108700A75B9A /* Info.plist */ = {isa = PBXFileReference; fileEncoding = 4; lastKnownFileType = text.plist.xml; name = Info.plist; path = fixit/Info.plist; sourceTree = "<group>"; };
		13B07FB71A68108700A75B9A /* main.m */ = {isa = PBXFileReference; fileEncoding = 4; lastKnownFileType = sourcecode.c.objc; name = main.m; path = fixit/main.m; sourceTree = "<group>"; };
		81AB9BB72411601600AC10FF /* LaunchScreen.storyboard */ = {isa = PBXFileReference; fileEncoding = 4; lastKnownFileType = file.storyboard; name = LaunchScreen.storyboard; path = fixit/LaunchScreen.storyboard; sourceTree = "<group>"; };
		ED297162215061F000B7C4FE /* JavaScriptCore.framework */ = {isa = PBXFileReference; lastKnownFileType = wrapper.framework; name = JavaScriptCore.framework; path = System/Library/Frameworks/JavaScriptCore.framework; sourceTree = SDKROOT; };
		276687DE8C80477992C92485 /* Montserrat-Black.ttf */ = {isa = PBXFileReference; name = "Montserrat-Black.ttf"; path = "../assets/fonts/Montserrat-Black.ttf"; sourceTree = "<group>"; fileEncoding = undefined; lastKnownFileType = unknown; explicitFileType = undefined; includeInIndex = 0; };
		43F327536C3C44C78B0CD12F /* Montserrat-Bold.ttf */ = {isa = PBXFileReference; name = "Montserrat-Bold.ttf"; path = "../assets/fonts/Montserrat-Bold.ttf"; sourceTree = "<group>"; fileEncoding = undefined; lastKnownFileType = unknown; explicitFileType = undefined; includeInIndex = 0; };
		D505889A0833418BA64A8EF5 /* Montserrat-ExtraBold.ttf */ = {isa = PBXFileReference; name = "Montserrat-ExtraBold.ttf"; path = "../assets/fonts/Montserrat-ExtraBold.ttf"; sourceTree = "<group>"; fileEncoding = undefined; lastKnownFileType = unknown; explicitFileType = undefined; includeInIndex = 0; };
		B96770E7BDB84BC2B63E2F31 /* Montserrat-Light.ttf */ = {isa = PBXFileReference; name = "Montserrat-Light.ttf"; path = "../assets/fonts/Montserrat-Light.ttf"; sourceTree = "<group>"; fileEncoding = undefined; lastKnownFileType = unknown; explicitFileType = undefined; includeInIndex = 0; };
		E1C82F8640A840129241C57B /* Montserrat-Medium.ttf */ = {isa = PBXFileReference; name = "Montserrat-Medium.ttf"; path = "../assets/fonts/Montserrat-Medium.ttf"; sourceTree = "<group>"; fileEncoding = undefined; lastKnownFileType = unknown; explicitFileType = undefined; includeInIndex = 0; };
		C148FF790B4A48CFAD2C73FD /* Montserrat-Regular.ttf */ = {isa = PBXFileReference; name = "Montserrat-Regular.ttf"; path = "../assets/fonts/Montserrat-Regular.ttf"; sourceTree = "<group>"; fileEncoding = undefined; lastKnownFileType = unknown; explicitFileType = undefined; includeInIndex = 0; };
		06C0B6266E474E59A19607AB /* Montserrat-SemiBold.ttf */ = {isa = PBXFileReference; name = "Montserrat-SemiBold.ttf"; path = "../assets/fonts/Montserrat-SemiBold.ttf"; sourceTree = "<group>"; fileEncoding = undefined; lastKnownFileType = unknown; explicitFileType = undefined; includeInIndex = 0; };
		9B79BD3D6BB14226A7665108 /* Montserrat-Thin.ttf */ = {isa = PBXFileReference; name = "Montserrat-Thin.ttf"; path = "../assets/fonts/Montserrat-Thin.ttf"; sourceTree = "<group>"; fileEncoding = undefined; lastKnownFileType = unknown; explicitFileType = undefined; includeInIndex = 0; };
		DCE44A66168547CAB6290ECA /* MontserratAlternates-Black.ttf */ = {isa = PBXFileReference; name = "MontserratAlternates-Black.ttf"; path = "../assets/fonts/MontserratAlternates-Black.ttf"; sourceTree = "<group>"; fileEncoding = undefined; lastKnownFileType = unknown; explicitFileType = undefined; includeInIndex = 0; };
		C138F6C0531740F9BD1F96EF /* MontserratAlternates-Bold.ttf */ = {isa = PBXFileReference; name = "MontserratAlternates-Bold.ttf"; path = "../assets/fonts/MontserratAlternates-Bold.ttf"; sourceTree = "<group>"; fileEncoding = undefined; lastKnownFileType = unknown; explicitFileType = undefined; includeInIndex = 0; };
		269430F33482407C9517B722 /* MontserratAlternates-ExtraBold.ttf */ = {isa = PBXFileReference; name = "MontserratAlternates-ExtraBold.ttf"; path = "../assets/fonts/MontserratAlternates-ExtraBold.ttf"; sourceTree = "<group>"; fileEncoding = undefined; lastKnownFileType = unknown; explicitFileType = undefined; includeInIndex = 0; };
		5659DFD0738648D8B6E8C3C8 /* MontserratAlternates-Light.ttf */ = {isa = PBXFileReference; name = "MontserratAlternates-Light.ttf"; path = "../assets/fonts/MontserratAlternates-Light.ttf"; sourceTree = "<group>"; fileEncoding = undefined; lastKnownFileType = unknown; explicitFileType = undefined; includeInIndex = 0; };
		F27C8E5CD9524330B2F73E48 /* MontserratAlternates-Medium.ttf */ = {isa = PBXFileReference; name = "MontserratAlternates-Medium.ttf"; path = "../assets/fonts/MontserratAlternates-Medium.ttf"; sourceTree = "<group>"; fileEncoding = undefined; lastKnownFileType = unknown; explicitFileType = undefined; includeInIndex = 0; };
		8ECA03F9BC6E40C2BC4A3C19 /* MontserratAlternates-Regular.ttf */ = {isa = PBXFileReference; name = "MontserratAlternates-Regular.ttf"; path = "../assets/fonts/MontserratAlternates-Regular.ttf"; sourceTree = "<group>"; fileEncoding = undefined; lastKnownFileType = unknown; explicitFileType = undefined; includeInIndex = 0; };
		33586F0437154AD58EA34477 /* MontserratAlternates-SemiBold.ttf */ = {isa = PBXFileReference; name = "MontserratAlternates-SemiBold.ttf"; path = "../assets/fonts/MontserratAlternates-SemiBold.ttf"; sourceTree = "<group>"; fileEncoding = undefined; lastKnownFileType = unknown; explicitFileType = undefined; includeInIndex = 0; };
		163DAA19C8D147C789EF8F17 /* MontserratAlternates-Thin.ttf */ = {isa = PBXFileReference; name = "MontserratAlternates-Thin.ttf"; path = "../assets/fonts/MontserratAlternates-Thin.ttf"; sourceTree = "<group>"; fileEncoding = undefined; lastKnownFileType = unknown; explicitFileType = undefined; includeInIndex = 0; };
		C02700145FAD4397824F0D7F /* AntDesign.ttf */ = {isa = PBXFileReference; name = "AntDesign.ttf"; path = "../node_modules/react-native-vector-icons/Fonts/AntDesign.ttf"; sourceTree = "<group>"; fileEncoding = undefined; lastKnownFileType = unknown; explicitFileType = undefined; includeInIndex = 0; };
		314512C9E27848EBBF744910 /* Entypo.ttf */ = {isa = PBXFileReference; name = "Entypo.ttf"; path = "../node_modules/react-native-vector-icons/Fonts/Entypo.ttf"; sourceTree = "<group>"; fileEncoding = undefined; lastKnownFileType = unknown; explicitFileType = undefined; includeInIndex = 0; };
		081204EB95A24E87B5123B97 /* EvilIcons.ttf */ = {isa = PBXFileReference; name = "EvilIcons.ttf"; path = "../node_modules/react-native-vector-icons/Fonts/EvilIcons.ttf"; sourceTree = "<group>"; fileEncoding = undefined; lastKnownFileType = unknown; explicitFileType = undefined; includeInIndex = 0; };
		FD41334B5CF9407EADD07F24 /* Feather.ttf */ = {isa = PBXFileReference; name = "Feather.ttf"; path = "../node_modules/react-native-vector-icons/Fonts/Feather.ttf"; sourceTree = "<group>"; fileEncoding = undefined; lastKnownFileType = unknown; explicitFileType = undefined; includeInIndex = 0; };
		1BE182CE791F4179813E2406 /* FontAwesome.ttf */ = {isa = PBXFileReference; name = "FontAwesome.ttf"; path = "../node_modules/react-native-vector-icons/Fonts/FontAwesome.ttf"; sourceTree = "<group>"; fileEncoding = undefined; lastKnownFileType = unknown; explicitFileType = undefined; includeInIndex = 0; };
		720BFACF00E7468D918BAFBE /* FontAwesome5_Brands.ttf */ = {isa = PBXFileReference; name = "FontAwesome5_Brands.ttf"; path = "../node_modules/react-native-vector-icons/Fonts/FontAwesome5_Brands.ttf"; sourceTree = "<group>"; fileEncoding = undefined; lastKnownFileType = unknown; explicitFileType = undefined; includeInIndex = 0; };
		D9916FE4EC24455E80A46B05 /* FontAwesome5_Regular.ttf */ = {isa = PBXFileReference; name = "FontAwesome5_Regular.ttf"; path = "../node_modules/react-native-vector-icons/Fonts/FontAwesome5_Regular.ttf"; sourceTree = "<group>"; fileEncoding = undefined; lastKnownFileType = unknown; explicitFileType = undefined; includeInIndex = 0; };
		F7E2DD31EA54439EA1484458 /* FontAwesome5_Solid.ttf */ = {isa = PBXFileReference; name = "FontAwesome5_Solid.ttf"; path = "../node_modules/react-native-vector-icons/Fonts/FontAwesome5_Solid.ttf"; sourceTree = "<group>"; fileEncoding = undefined; lastKnownFileType = unknown; explicitFileType = undefined; includeInIndex = 0; };
		B13D28DD09B94E608A69BF01 /* Fontisto.ttf */ = {isa = PBXFileReference; name = "Fontisto.ttf"; path = "../node_modules/react-native-vector-icons/Fonts/Fontisto.ttf"; sourceTree = "<group>"; fileEncoding = undefined; lastKnownFileType = unknown; explicitFileType = undefined; includeInIndex = 0; };
		45C78F9C289641F998E8CD7C /* Foundation.ttf */ = {isa = PBXFileReference; name = "Foundation.ttf"; path = "../node_modules/react-native-vector-icons/Fonts/Foundation.ttf"; sourceTree = "<group>"; fileEncoding = undefined; lastKnownFileType = unknown; explicitFileType = undefined; includeInIndex = 0; };
		000CF3D1499741D0A7063DBA /* Ionicons.ttf */ = {isa = PBXFileReference; name = "Ionicons.ttf"; path = "../node_modules/react-native-vector-icons/Fonts/Ionicons.ttf"; sourceTree = "<group>"; fileEncoding = undefined; lastKnownFileType = unknown; explicitFileType = undefined; includeInIndex = 0; };
		93B5B2A2AF414C37AC343C03 /* MaterialCommunityIcons.ttf */ = {isa = PBXFileReference; name = "MaterialCommunityIcons.ttf"; path = "../node_modules/react-native-vector-icons/Fonts/MaterialCommunityIcons.ttf"; sourceTree = "<group>"; fileEncoding = undefined; lastKnownFileType = unknown; explicitFileType = undefined; includeInIndex = 0; };
		F154637960A347899F00F10E /* MaterialIcons.ttf */ = {isa = PBXFileReference; name = "MaterialIcons.ttf"; path = "../node_modules/react-native-vector-icons/Fonts/MaterialIcons.ttf"; sourceTree = "<group>"; fileEncoding = undefined; lastKnownFileType = unknown; explicitFileType = undefined; includeInIndex = 0; };
		D31A709EEA424E52A24C2FFC /* Octicons.ttf */ = {isa = PBXFileReference; name = "Octicons.ttf"; path = "../node_modules/react-native-vector-icons/Fonts/Octicons.ttf"; sourceTree = "<group>"; fileEncoding = undefined; lastKnownFileType = unknown; explicitFileType = undefined; includeInIndex = 0; };
		8D0AF0E4A66B4AADBCA58576 /* SimpleLineIcons.ttf */ = {isa = PBXFileReference; name = "SimpleLineIcons.ttf"; path = "../node_modules/react-native-vector-icons/Fonts/SimpleLineIcons.ttf"; sourceTree = "<group>"; fileEncoding = undefined; lastKnownFileType = unknown; explicitFileType = undefined; includeInIndex = 0; };
		DF4DB2823C434208B941F616 /* Zocial.ttf */ = {isa = PBXFileReference; name = "Zocial.ttf"; path = "../node_modules/react-native-vector-icons/Fonts/Zocial.ttf"; sourceTree = "<group>"; fileEncoding = undefined; lastKnownFileType = unknown; explicitFileType = undefined; includeInIndex = 0; };
/* End PBXFileReference section */

/* Begin PBXFrameworksBuildPhase section */
		00E356EB1AD99517003FC87E /* Frameworks */ = {
			isa = PBXFrameworksBuildPhase;
			buildActionMask = 2147483647;
			files = (
			);
			runOnlyForDeploymentPostprocessing = 0;
		};
		13B07F8C1A680F5B00A75B9A /* Frameworks */ = {
			isa = PBXFrameworksBuildPhase;
			buildActionMask = 2147483647;
			files = (
			);
			runOnlyForDeploymentPostprocessing = 0;
		};
/* End PBXFrameworksBuildPhase section */

/* Begin PBXGroup section */
		00E356EF1AD99517003FC87E /* fixitTests */ = {
			isa = PBXGroup;
			children = (
				00E356F21AD99517003FC87E /* fixitTests.m */,
				00E356F01AD99517003FC87E /* Supporting Files */,
			);
			path = fixitTests;
			sourceTree = "<group>";
		};
		00E356F01AD99517003FC87E /* Supporting Files */ = {
			isa = PBXGroup;
			children = (
				00E356F11AD99517003FC87E /* Info.plist */,
			);
			name = "Supporting Files";
			sourceTree = "<group>";
		};
		13B07FAE1A68108700A75B9A /* fixit */ = {
			isa = PBXGroup;
			children = (
				13B07FAF1A68108700A75B9A /* AppDelegate.h */,
				13B07FB01A68108700A75B9A /* AppDelegate.m */,
				13B07FB51A68108700A75B9A /* Images.xcassets */,
				13B07FB61A68108700A75B9A /* Info.plist */,
				81AB9BB72411601600AC10FF /* LaunchScreen.storyboard */,
				13B07FB71A68108700A75B9A /* main.m */,
			);
			name = fixit;
			sourceTree = "<group>";
		};
		2D16E6871FA4F8E400B85C8A /* Frameworks */ = {
			isa = PBXGroup;
			children = (
				ED297162215061F000B7C4FE /* JavaScriptCore.framework */,
			);
			name = Frameworks;
			sourceTree = "<group>";
		};
		832341AE1AAA6A7D00B99B32 /* Libraries */ = {
			isa = PBXGroup;
			children = (
			);
			name = Libraries;
			sourceTree = "<group>";
		};
		83CBB9F61A601CBA00E9B192 = {
			isa = PBXGroup;
			children = (
				13B07FAE1A68108700A75B9A /* fixit */,
				832341AE1AAA6A7D00B99B32 /* Libraries */,
				00E356EF1AD99517003FC87E /* fixitTests */,
				83CBBA001A601CBA00E9B192 /* Products */,
				2D16E6871FA4F8E400B85C8A /* Frameworks */,
				3F3C47C3D2CC4D059E6ED77F /* Resources */,
			);
			indentWidth = 2;
			sourceTree = "<group>";
			tabWidth = 2;
			usesTabs = 0;
		};
		83CBBA001A601CBA00E9B192 /* Products */ = {
			isa = PBXGroup;
			children = (
				13B07F961A680F5B00A75B9A /* fixit.app */,
				00E356EE1AD99517003FC87E /* fixitTests.xctest */,
			);
			name = Products;
			sourceTree = "<group>";
		};
		3F3C47C3D2CC4D059E6ED77F /* Resources */ = {
			isa = "PBXGroup";
			children = (
				276687DE8C80477992C92485 /* Montserrat-Black.ttf */,
				43F327536C3C44C78B0CD12F /* Montserrat-Bold.ttf */,
				D505889A0833418BA64A8EF5 /* Montserrat-ExtraBold.ttf */,
				B96770E7BDB84BC2B63E2F31 /* Montserrat-Light.ttf */,
				E1C82F8640A840129241C57B /* Montserrat-Medium.ttf */,
				C148FF790B4A48CFAD2C73FD /* Montserrat-Regular.ttf */,
				06C0B6266E474E59A19607AB /* Montserrat-SemiBold.ttf */,
				9B79BD3D6BB14226A7665108 /* Montserrat-Thin.ttf */,
				DCE44A66168547CAB6290ECA /* MontserratAlternates-Black.ttf */,
				C138F6C0531740F9BD1F96EF /* MontserratAlternates-Bold.ttf */,
				269430F33482407C9517B722 /* MontserratAlternates-ExtraBold.ttf */,
				5659DFD0738648D8B6E8C3C8 /* MontserratAlternates-Light.ttf */,
				F27C8E5CD9524330B2F73E48 /* MontserratAlternates-Medium.ttf */,
				8ECA03F9BC6E40C2BC4A3C19 /* MontserratAlternates-Regular.ttf */,
				33586F0437154AD58EA34477 /* MontserratAlternates-SemiBold.ttf */,
				163DAA19C8D147C789EF8F17 /* MontserratAlternates-Thin.ttf */,
				C02700145FAD4397824F0D7F /* AntDesign.ttf */,
				314512C9E27848EBBF744910 /* Entypo.ttf */,
				081204EB95A24E87B5123B97 /* EvilIcons.ttf */,
				FD41334B5CF9407EADD07F24 /* Feather.ttf */,
				1BE182CE791F4179813E2406 /* FontAwesome.ttf */,
				720BFACF00E7468D918BAFBE /* FontAwesome5_Brands.ttf */,
				D9916FE4EC24455E80A46B05 /* FontAwesome5_Regular.ttf */,
				F7E2DD31EA54439EA1484458 /* FontAwesome5_Solid.ttf */,
				B13D28DD09B94E608A69BF01 /* Fontisto.ttf */,
				45C78F9C289641F998E8CD7C /* Foundation.ttf */,
				000CF3D1499741D0A7063DBA /* Ionicons.ttf */,
				93B5B2A2AF414C37AC343C03 /* MaterialCommunityIcons.ttf */,
				F154637960A347899F00F10E /* MaterialIcons.ttf */,
				D31A709EEA424E52A24C2FFC /* Octicons.ttf */,
				8D0AF0E4A66B4AADBCA58576 /* SimpleLineIcons.ttf */,
				DF4DB2823C434208B941F616 /* Zocial.ttf */,
			);
			name = Resources;
			sourceTree = "<group>";
			path = "";
		};
/* End PBXGroup section */

/* Begin PBXNativeTarget section */
		00E356ED1AD99517003FC87E /* fixitTests */ = {
			isa = PBXNativeTarget;
			buildConfigurationList = 00E357021AD99517003FC87E /* Build configuration list for PBXNativeTarget "fixitTests" */;
			buildPhases = (
				00E356EA1AD99517003FC87E /* Sources */,
				00E356EB1AD99517003FC87E /* Frameworks */,
				00E356EC1AD99517003FC87E /* Resources */,
			);
			buildRules = (
			);
			dependencies = (
				00E356F51AD99517003FC87E /* PBXTargetDependency */,
			);
			name = fixitTests;
			productName = fixitTests;
			productReference = 00E356EE1AD99517003FC87E /* fixitTests.xctest */;
			productType = "com.apple.product-type.bundle.unit-test";
		};
		13B07F861A680F5B00A75B9A /* fixit */ = {
			isa = PBXNativeTarget;
			buildConfigurationList = 13B07F931A680F5B00A75B9A /* Build configuration list for PBXNativeTarget "fixit" */;
			buildPhases = (
				FD10A7F022414F080027D42C /* Start Packager */,
				13B07F871A680F5B00A75B9A /* Sources */,
				13B07F8C1A680F5B00A75B9A /* Frameworks */,
				13B07F8E1A680F5B00A75B9A /* Resources */,
				00DD1BFF1BD5951E006B06BC /* Bundle React Native code and images */,
			);
			buildRules = (
			);
			dependencies = (
			);
			name = fixit;
			productName = fixit;
			productReference = 13B07F961A680F5B00A75B9A /* fixit.app */;
			productType = "com.apple.product-type.application";
		};
/* End PBXNativeTarget section */

/* Begin PBXProject section */
		83CBB9F71A601CBA00E9B192 /* Project object */ = {
			isa = PBXProject;
			attributes = {
				LastUpgradeCheck = 1210;
				TargetAttributes = {
					00E356ED1AD99517003FC87E = {
						CreatedOnToolsVersion = 6.2;
						TestTargetID = 13B07F861A680F5B00A75B9A;
					};
					13B07F861A680F5B00A75B9A = {
						LastSwiftMigration = 1120;
					};
				};
			};
			buildConfigurationList = 83CBB9FA1A601CBA00E9B192 /* Build configuration list for PBXProject "fixit" */;
			compatibilityVersion = "Xcode 12.0";
			developmentRegion = en;
			hasScannedForEncodings = 0;
			knownRegions = (
				en,
				Base,
			);
			mainGroup = 83CBB9F61A601CBA00E9B192;
			productRefGroup = 83CBBA001A601CBA00E9B192 /* Products */;
			projectDirPath = "";
			projectRoot = "";
			targets = (
				13B07F861A680F5B00A75B9A /* fixit */,
				00E356ED1AD99517003FC87E /* fixitTests */,
			);
		};
/* End PBXProject section */

/* Begin PBXResourcesBuildPhase section */
		00E356EC1AD99517003FC87E /* Resources */ = {
			isa = PBXResourcesBuildPhase;
			buildActionMask = 2147483647;
			files = (
			);
			runOnlyForDeploymentPostprocessing = 0;
		};
		13B07F8E1A680F5B00A75B9A /* Resources */ = {
			isa = PBXResourcesBuildPhase;
			buildActionMask = 2147483647;
			files = (
				81AB9BB82411601600AC10FF /* LaunchScreen.storyboard in Resources */,
				13B07FBF1A68108700A75B9A /* Images.xcassets in Resources */,
				6405533F56614DA39069FE4D /* Montserrat-Black.ttf in Resources */,
				CCC47B58DCBD44448C733E11 /* Montserrat-Bold.ttf in Resources */,
				58F6A0061A5F412EB20580AD /* Montserrat-ExtraBold.ttf in Resources */,
				A1E26D74D92D49BFAC6F94DD /* Montserrat-Light.ttf in Resources */,
				CB228CBF44AE4A96A4B67B3B /* Montserrat-Medium.ttf in Resources */,
				617CDBAAB3DD4FD19CB70149 /* Montserrat-Regular.ttf in Resources */,
				1528D7ACB39A4C86A2BA9E2C /* Montserrat-SemiBold.ttf in Resources */,
				B3B9BEBD19224DBCBF0A361C /* Montserrat-Thin.ttf in Resources */,
				CDFA1444B35345A0B1104EEA /* MontserratAlternates-Black.ttf in Resources */,
				CF92E0A21D244112A08205D0 /* MontserratAlternates-Bold.ttf in Resources */,
				14489B5A8527493FAECD3DF5 /* MontserratAlternates-ExtraBold.ttf in Resources */,
				B8E3345FB6A44047852BC706 /* MontserratAlternates-Light.ttf in Resources */,
				4F86D4E6B8DE46C7A66118EB /* MontserratAlternates-Medium.ttf in Resources */,
				76F133F840FB42118E32A0BB /* MontserratAlternates-Regular.ttf in Resources */,
				6367FEBD7E164228AA15F276 /* MontserratAlternates-SemiBold.ttf in Resources */,
				696E2AD6926A41B786AF3EF6 /* MontserratAlternates-Thin.ttf in Resources */,
				8BE5A145423F4881818CEACF /* AntDesign.ttf in Resources */,
				A39AA82885FB4886976A5FC4 /* Entypo.ttf in Resources */,
				EC6F5255C3BF4F2FB1A46F7A /* EvilIcons.ttf in Resources */,
				8EE52703AB4B487EAC1245E4 /* Feather.ttf in Resources */,
				FD5C919D6FD94092B0D50D45 /* FontAwesome.ttf in Resources */,
				486C01CEDF874213B83C1881 /* FontAwesome5_Brands.ttf in Resources */,
				AB0E2044F3924650867B18B1 /* FontAwesome5_Regular.ttf in Resources */,
				1FD812DBAC9840A2871AC95D /* FontAwesome5_Solid.ttf in Resources */,
				DC31D503CDF941CF84EC2503 /* Fontisto.ttf in Resources */,
				C6520734D71E45CB8E532BC3 /* Foundation.ttf in Resources */,
				7377433C21AB41CC9A0C86BF /* Ionicons.ttf in Resources */,
				B510DF21339B4DCFA653DFC0 /* MaterialCommunityIcons.ttf in Resources */,
				0BB825D1FCEA461B826906BE /* MaterialIcons.ttf in Resources */,
				5D8363E8AB0B4B3099559C2C /* Octicons.ttf in Resources */,
				769B783062854EFD959FDDC5 /* SimpleLineIcons.ttf in Resources */,
				5ADAB5255F30498097A90ACC /* Zocial.ttf in Resources */,
			);
			runOnlyForDeploymentPostprocessing = 0;
		};
/* End PBXResourcesBuildPhase section */

/* Begin PBXShellScriptBuildPhase section */
		00DD1BFF1BD5951E006B06BC /* Bundle React Native code and images */ = {
			isa = PBXShellScriptBuildPhase;
			buildActionMask = 2147483647;
			files = (
			);
			inputPaths = (
			);
			name = "Bundle React Native code and images";
			outputPaths = (
			);
			runOnlyForDeploymentPostprocessing = 0;
			shellPath = /bin/sh;
			shellScript = "set -e\n\nexport NODE_BINARY=node\n../node_modules/react-native/scripts/react-native-xcode.sh\n";
		};
		FD10A7F022414F080027D42C /* Start Packager */ = {
			isa = PBXShellScriptBuildPhase;
			buildActionMask = 2147483647;
			files = (
			);
			inputFileListPaths = (
			);
			inputPaths = (
			);
			name = "Start Packager";
			outputFileListPaths = (
			);
			outputPaths = (
			);
			runOnlyForDeploymentPostprocessing = 0;
			shellPath = /bin/sh;
			shellScript = "export RCT_METRO_PORT=\"${RCT_METRO_PORT:=8081}\"\necho \"export RCT_METRO_PORT=${RCT_METRO_PORT}\" > \"${SRCROOT}/../node_modules/react-native/scripts/.packager.env\"\nif [ -z \"${RCT_NO_LAUNCH_PACKAGER+xxx}\" ] ; then\n  if nc -w 5 -z localhost ${RCT_METRO_PORT} ; then\n    if ! curl -s \"http://localhost:${RCT_METRO_PORT}/status\" | grep -q \"packager-status:running\" ; then\n      echo \"Port ${RCT_METRO_PORT} already in use, packager is either not running or not running correctly\"\n      exit 2\n    fi\n  else\n    open \"$SRCROOT/../node_modules/react-native/scripts/launchPackager.command\" || echo \"Can't start packager automatically\"\n  fi\nfi\n";
			showEnvVarsInLog = 0;
		};
/* End PBXShellScriptBuildPhase section */

/* Begin PBXSourcesBuildPhase section */
		00E356EA1AD99517003FC87E /* Sources */ = {
			isa = PBXSourcesBuildPhase;
			buildActionMask = 2147483647;
			files = (
				00E356F31AD99517003FC87E /* fixitTests.m in Sources */,
			);
			runOnlyForDeploymentPostprocessing = 0;
		};
		13B07F871A680F5B00A75B9A /* Sources */ = {
			isa = PBXSourcesBuildPhase;
			buildActionMask = 2147483647;
			files = (
				13B07FBC1A68108700A75B9A /* AppDelegate.m in Sources */,
				13B07FC11A68108700A75B9A /* main.m in Sources */,
			);
			runOnlyForDeploymentPostprocessing = 0;
		};
/* End PBXSourcesBuildPhase section */

/* Begin PBXTargetDependency section */
		00E356F51AD99517003FC87E /* PBXTargetDependency */ = {
			isa = PBXTargetDependency;
			target = 13B07F861A680F5B00A75B9A /* fixit */;
			targetProxy = 00E356F41AD99517003FC87E /* PBXContainerItemProxy */;
		};
/* End PBXTargetDependency section */

/* Begin XCBuildConfiguration section */
		00E356F61AD99517003FC87E /* Debug */ = {
			isa = XCBuildConfiguration;
			buildSettings = {
				BUNDLE_LOADER = "$(TEST_HOST)";
				GCC_PREPROCESSOR_DEFINITIONS = (
					"DEBUG=1",
					"$(inherited)",
				);
				INFOPLIST_FILE = fixitTests/Info.plist;
				IPHONEOS_DEPLOYMENT_TARGET = 10.0;
				LD_RUNPATH_SEARCH_PATHS = (
					"$(inherited)",
					"@executable_path/Frameworks",
					"@loader_path/Frameworks",
				);
				OTHER_LDFLAGS = (
					"-ObjC",
					"-lc++",
					"$(inherited)",
				);
				PRODUCT_BUNDLE_IDENTIFIER = "org.reactjs.native.example.$(PRODUCT_NAME:rfc1034identifier)";
				PRODUCT_NAME = "$(TARGET_NAME)";
				TEST_HOST = "$(BUILT_PRODUCTS_DIR)/fixit.app/fixit";
			};
			name = Debug;
		};
		00E356F71AD99517003FC87E /* Release */ = {
			isa = XCBuildConfiguration;
			buildSettings = {
				BUNDLE_LOADER = "$(TEST_HOST)";
				COPY_PHASE_STRIP = NO;
				INFOPLIST_FILE = fixitTests/Info.plist;
				IPHONEOS_DEPLOYMENT_TARGET = 10.0;
				LD_RUNPATH_SEARCH_PATHS = (
					"$(inherited)",
					"@executable_path/Frameworks",
					"@loader_path/Frameworks",
				);
				OTHER_LDFLAGS = (
					"-ObjC",
					"-lc++",
					"$(inherited)",
				);
				PRODUCT_BUNDLE_IDENTIFIER = "org.reactjs.native.example.$(PRODUCT_NAME:rfc1034identifier)";
				PRODUCT_NAME = "$(TARGET_NAME)";
				TEST_HOST = "$(BUILT_PRODUCTS_DIR)/fixit.app/fixit";
			};
			name = Release;
		};
		13B07F941A680F5B00A75B9A /* Debug */ = {
			isa = XCBuildConfiguration;
			buildSettings = {
				ASSETCATALOG_COMPILER_APPICON_NAME = AppIcon;
				CLANG_ENABLE_MODULES = YES;
				CURRENT_PROJECT_VERSION = 1;
				ENABLE_BITCODE = NO;
				INFOPLIST_FILE = fixit/Info.plist;
				LD_RUNPATH_SEARCH_PATHS = (
					"$(inherited)",
					"@executable_path/Frameworks",
				);
				OTHER_LDFLAGS = (
					"$(inherited)",
					"-ObjC",
					"-lc++",
				);
				PRODUCT_BUNDLE_IDENTIFIER = "org.reactjs.native.example.$(PRODUCT_NAME:rfc1034identifier)";
				PRODUCT_NAME = fixit;
				SWIFT_OPTIMIZATION_LEVEL = "-Onone";
				SWIFT_VERSION = 5.0;
				VERSIONING_SYSTEM = "apple-generic";
			};
			name = Debug;
		};
		13B07F951A680F5B00A75B9A /* Release */ = {
			isa = XCBuildConfiguration;
			buildSettings = {
				ASSETCATALOG_COMPILER_APPICON_NAME = AppIcon;
				CLANG_ENABLE_MODULES = YES;
				CURRENT_PROJECT_VERSION = 1;
				INFOPLIST_FILE = fixit/Info.plist;
				LD_RUNPATH_SEARCH_PATHS = (
					"$(inherited)",
					"@executable_path/Frameworks",
				);
				OTHER_LDFLAGS = (
					"$(inherited)",
					"-ObjC",
					"-lc++",
				);
				PRODUCT_BUNDLE_IDENTIFIER = "org.reactjs.native.example.$(PRODUCT_NAME:rfc1034identifier)";
				PRODUCT_NAME = fixit;
				SWIFT_VERSION = 5.0;
				VERSIONING_SYSTEM = "apple-generic";
			};
			name = Release;
		};
		83CBBA201A601CBA00E9B192 /* Debug */ = {
			isa = XCBuildConfiguration;
			buildSettings = {
				ALWAYS_SEARCH_USER_PATHS = NO;
				CLANG_ANALYZER_LOCALIZABILITY_NONLOCALIZED = YES;
				CLANG_CXX_LANGUAGE_STANDARD = "gnu++0x";
				CLANG_CXX_LIBRARY = "libc++";
				CLANG_ENABLE_MODULES = YES;
				CLANG_ENABLE_OBJC_ARC = YES;
				CLANG_WARN_BLOCK_CAPTURE_AUTORELEASING = YES;
				CLANG_WARN_BOOL_CONVERSION = YES;
				CLANG_WARN_COMMA = YES;
				CLANG_WARN_CONSTANT_CONVERSION = YES;
				CLANG_WARN_DEPRECATED_OBJC_IMPLEMENTATIONS = YES;
				CLANG_WARN_DIRECT_OBJC_ISA_USAGE = YES_ERROR;
				CLANG_WARN_EMPTY_BODY = YES;
				CLANG_WARN_ENUM_CONVERSION = YES;
				CLANG_WARN_INFINITE_RECURSION = YES;
				CLANG_WARN_INT_CONVERSION = YES;
				CLANG_WARN_NON_LITERAL_NULL_CONVERSION = YES;
				CLANG_WARN_OBJC_IMPLICIT_RETAIN_SELF = YES;
				CLANG_WARN_OBJC_LITERAL_CONVERSION = YES;
				CLANG_WARN_OBJC_ROOT_CLASS = YES_ERROR;
				CLANG_WARN_QUOTED_INCLUDE_IN_FRAMEWORK_HEADER = YES;
				CLANG_WARN_RANGE_LOOP_ANALYSIS = YES;
				CLANG_WARN_STRICT_PROTOTYPES = YES;
				CLANG_WARN_SUSPICIOUS_MOVE = YES;
				CLANG_WARN_UNREACHABLE_CODE = YES;
				CLANG_WARN__DUPLICATE_METHOD_MATCH = YES;
				"CODE_SIGN_IDENTITY[sdk=iphoneos*]" = "iPhone Developer";
				COPY_PHASE_STRIP = NO;
				ENABLE_STRICT_OBJC_MSGSEND = YES;
				ENABLE_TESTABILITY = YES;
				GCC_C_LANGUAGE_STANDARD = gnu99;
				GCC_DYNAMIC_NO_PIC = NO;
				GCC_NO_COMMON_BLOCKS = YES;
				GCC_OPTIMIZATION_LEVEL = 0;
				GCC_PREPROCESSOR_DEFINITIONS = (
					"DEBUG=1",
					"$(inherited)",
				);
				GCC_SYMBOLS_PRIVATE_EXTERN = NO;
				GCC_WARN_64_TO_32_BIT_CONVERSION = YES;
				GCC_WARN_ABOUT_RETURN_TYPE = YES_ERROR;
				GCC_WARN_UNDECLARED_SELECTOR = YES;
				GCC_WARN_UNINITIALIZED_AUTOS = YES_AGGRESSIVE;
				GCC_WARN_UNUSED_FUNCTION = YES;
				GCC_WARN_UNUSED_VARIABLE = YES;
				IPHONEOS_DEPLOYMENT_TARGET = 10.0;
				LD_RUNPATH_SEARCH_PATHS = (
					/usr/lib/swift,
					"$(inherited)",
				);
				LIBRARY_SEARCH_PATHS = (
					"\"$(TOOLCHAIN_DIR)/usr/lib/swift/$(PLATFORM_NAME)\"",
					"\"$(TOOLCHAIN_DIR)/usr/lib/swift-5.0/$(PLATFORM_NAME)\"",
					"\"$(inherited)\"",
				);
				MTL_ENABLE_DEBUG_INFO = YES;
				ONLY_ACTIVE_ARCH = YES;
				SDKROOT = iphoneos;
			};
			name = Debug;
		};
		83CBBA211A601CBA00E9B192 /* Release */ = {
			isa = XCBuildConfiguration;
			buildSettings = {
				ALWAYS_SEARCH_USER_PATHS = NO;
				CLANG_ANALYZER_LOCALIZABILITY_NONLOCALIZED = YES;
				CLANG_CXX_LANGUAGE_STANDARD = "gnu++0x";
				CLANG_CXX_LIBRARY = "libc++";
				CLANG_ENABLE_MODULES = YES;
				CLANG_ENABLE_OBJC_ARC = YES;
				CLANG_WARN_BLOCK_CAPTURE_AUTORELEASING = YES;
				CLANG_WARN_BOOL_CONVERSION = YES;
				CLANG_WARN_COMMA = YES;
				CLANG_WARN_CONSTANT_CONVERSION = YES;
				CLANG_WARN_DEPRECATED_OBJC_IMPLEMENTATIONS = YES;
				CLANG_WARN_DIRECT_OBJC_ISA_USAGE = YES_ERROR;
				CLANG_WARN_EMPTY_BODY = YES;
				CLANG_WARN_ENUM_CONVERSION = YES;
				CLANG_WARN_INFINITE_RECURSION = YES;
				CLANG_WARN_INT_CONVERSION = YES;
				CLANG_WARN_NON_LITERAL_NULL_CONVERSION = YES;
				CLANG_WARN_OBJC_IMPLICIT_RETAIN_SELF = YES;
				CLANG_WARN_OBJC_LITERAL_CONVERSION = YES;
				CLANG_WARN_OBJC_ROOT_CLASS = YES_ERROR;
				CLANG_WARN_QUOTED_INCLUDE_IN_FRAMEWORK_HEADER = YES;
				CLANG_WARN_RANGE_LOOP_ANALYSIS = YES;
				CLANG_WARN_STRICT_PROTOTYPES = YES;
				CLANG_WARN_SUSPICIOUS_MOVE = YES;
				CLANG_WARN_UNREACHABLE_CODE = YES;
				CLANG_WARN__DUPLICATE_METHOD_MATCH = YES;
				"CODE_SIGN_IDENTITY[sdk=iphoneos*]" = "iPhone Developer";
				COPY_PHASE_STRIP = YES;
				ENABLE_NS_ASSERTIONS = NO;
				ENABLE_STRICT_OBJC_MSGSEND = YES;
				GCC_C_LANGUAGE_STANDARD = gnu99;
				GCC_NO_COMMON_BLOCKS = YES;
				GCC_WARN_64_TO_32_BIT_CONVERSION = YES;
				GCC_WARN_ABOUT_RETURN_TYPE = YES_ERROR;
				GCC_WARN_UNDECLARED_SELECTOR = YES;
				GCC_WARN_UNINITIALIZED_AUTOS = YES_AGGRESSIVE;
				GCC_WARN_UNUSED_FUNCTION = YES;
				GCC_WARN_UNUSED_VARIABLE = YES;
				IPHONEOS_DEPLOYMENT_TARGET = 10.0;
				LD_RUNPATH_SEARCH_PATHS = (
					/usr/lib/swift,
					"$(inherited)",
				);
				LIBRARY_SEARCH_PATHS = (
					"\"$(TOOLCHAIN_DIR)/usr/lib/swift/$(PLATFORM_NAME)\"",
					"\"$(TOOLCHAIN_DIR)/usr/lib/swift-5.0/$(PLATFORM_NAME)\"",
					"\"$(inherited)\"",
				);
				MTL_ENABLE_DEBUG_INFO = NO;
				SDKROOT = iphoneos;
				VALIDATE_PRODUCT = YES;
			};
			name = Release;
		};
/* End XCBuildConfiguration section */

/* Begin XCConfigurationList section */
		00E357021AD99517003FC87E /* Build configuration list for PBXNativeTarget "fixitTests" */ = {
			isa = XCConfigurationList;
			buildConfigurations = (
				00E356F61AD99517003FC87E /* Debug */,
				00E356F71AD99517003FC87E /* Release */,
			);
			defaultConfigurationIsVisible = 0;
			defaultConfigurationName = Release;
		};
		13B07F931A680F5B00A75B9A /* Build configuration list for PBXNativeTarget "fixit" */ = {
			isa = XCConfigurationList;
			buildConfigurations = (
				13B07F941A680F5B00A75B9A /* Debug */,
				13B07F951A680F5B00A75B9A /* Release */,
			);
			defaultConfigurationIsVisible = 0;
			defaultConfigurationName = Release;
		};
		83CBB9FA1A601CBA00E9B192 /* Build configuration list for PBXProject "fixit" */ = {
			isa = XCConfigurationList;
			buildConfigurations = (
				83CBBA201A601CBA00E9B192 /* Debug */,
				83CBBA211A601CBA00E9B192 /* Release */,
			);
			defaultConfigurationIsVisible = 0;
			defaultConfigurationName = Release;
		};
/* End XCConfigurationList section */
	};
	rootObject = 83CBB9F71A601CBA00E9B192 /* Project object */;
}
